
Microsoft Visual Studio Solution File, Format Version 12.00
# Visual Studio 15
VisualStudioVersion = 15.0.26730.15
MinimumVisualStudioVersion = 14.0.23107.0
Project("{2150E333-8FDC-42A3-9474-1A3956D46DE8}") = "DebugDrawer", "DebugDrawer", "{9410B557-86A7-4603-89EE-9EA0FD6EA9F9}"
	ProjectSection(SiliconStudioPackage) = preProject
		DebugDrawer/DebugDrawer.xkpkg = DebugDrawer/DebugDrawer.xkpkg
	EndProjectSection
EndProject
Project("{FAE04EC0-301F-11D3-BF4B-00C04F79EFBC}") = "DebugDrawer.Windows", "DebugDrawer\DebugDrawer.Windows\DebugDrawer.Windows.csproj", "{65979474-0507-4B4C-90B0-DEAE60A740F3}"
EndProject
Project("{FAE04EC0-301F-11D3-BF4B-00C04F79EFBC}") = "DebugDrawer.Game", "DebugDrawer\DebugDrawer.Game\DebugDrawer.Game.csproj", "{6BDAB04C-B032-48AD-A587-7A7F4C0971F8}"
EndProject
Project("{FAE04EC0-301F-11D3-BF4B-00C04F79EFBC}") = "DebugDrawer", "DebugDrawer\DebugDrawer\DebugDrawer.csproj", "{3B701DCA-3DC3-475A-9E80-3DCDF1375DED}"
EndProject
Global
	GlobalSection(SolutionConfigurationPlatforms) = preSolution
		AppStore|Any CPU = AppStore|Any CPU
		AppStore|Mixed Platforms = AppStore|Mixed Platforms
		AppStore|Windows = AppStore|Windows
		CoreCLR_Debug|Any CPU = CoreCLR_Debug|Any CPU
		CoreCLR_Debug|Mixed Platforms = CoreCLR_Debug|Mixed Platforms
		CoreCLR_Debug|Windows = CoreCLR_Debug|Windows
		CoreCLR_Release|Any CPU = CoreCLR_Release|Any CPU
		CoreCLR_Release|Mixed Platforms = CoreCLR_Release|Mixed Platforms
		CoreCLR_Release|Windows = CoreCLR_Release|Windows
		Debug|Any CPU = Debug|Any CPU
		Debug|Mixed Platforms = Debug|Mixed Platforms
		Debug|Windows = Debug|Windows
		Release|Any CPU = Release|Any CPU
		Release|Mixed Platforms = Release|Mixed Platforms
		Release|Windows = Release|Windows
		Testing|Any CPU = Testing|Any CPU
		Testing|Mixed Platforms = Testing|Mixed Platforms
		Testing|Windows = Testing|Windows
	EndGlobalSection
	GlobalSection(ProjectConfigurationPlatforms) = postSolution
		{65979474-0507-4B4C-90B0-DEAE60A740F3}.AppStore|Any CPU.ActiveCfg = AppStore|Any CPU
		{65979474-0507-4B4C-90B0-DEAE60A740F3}.AppStore|Any CPU.Build.0 = AppStore|Any CPU
		{65979474-0507-4B4C-90B0-DEAE60A740F3}.AppStore|Any CPU.Deploy.0 = AppStore|Any CPU
		{65979474-0507-4B4C-90B0-DEAE60A740F3}.AppStore|Mixed Platforms.ActiveCfg = AppStore|Any CPU
		{65979474-0507-4B4C-90B0-DEAE60A740F3}.AppStore|Mixed Platforms.Build.0 = AppStore|Any CPU
		{65979474-0507-4B4C-90B0-DEAE60A740F3}.AppStore|Mixed Platforms.Deploy.0 = AppStore|Any CPU
		{65979474-0507-4B4C-90B0-DEAE60A740F3}.AppStore|Windows.ActiveCfg = AppStore|Any CPU
		{65979474-0507-4B4C-90B0-DEAE60A740F3}.AppStore|Windows.Build.0 = AppStore|Any CPU
		{65979474-0507-4B4C-90B0-DEAE60A740F3}.AppStore|Windows.Deploy.0 = AppStore|Any CPU
		{65979474-0507-4B4C-90B0-DEAE60A740F3}.CoreCLR_Debug|Any CPU.ActiveCfg = CoreCLR_Debug|Any CPU
		{65979474-0507-4B4C-90B0-DEAE60A740F3}.CoreCLR_Debug|Any CPU.Build.0 = CoreCLR_Debug|Any CPU
		{65979474-0507-4B4C-90B0-DEAE60A740F3}.CoreCLR_Debug|Any CPU.Deploy.0 = CoreCLR_Debug|Any CPU
		{65979474-0507-4B4C-90B0-DEAE60A740F3}.CoreCLR_Debug|Mixed Platforms.ActiveCfg = CoreCLR_Debug|Any CPU
		{65979474-0507-4B4C-90B0-DEAE60A740F3}.CoreCLR_Debug|Mixed Platforms.Build.0 = CoreCLR_Debug|Any CPU
		{65979474-0507-4B4C-90B0-DEAE60A740F3}.CoreCLR_Debug|Mixed Platforms.Deploy.0 = CoreCLR_Debug|Any CPU
		{65979474-0507-4B4C-90B0-DEAE60A740F3}.CoreCLR_Debug|Windows.ActiveCfg = CoreCLR_Debug|Any CPU
		{65979474-0507-4B4C-90B0-DEAE60A740F3}.CoreCLR_Debug|Windows.Build.0 = CoreCLR_Debug|Any CPU
		{65979474-0507-4B4C-90B0-DEAE60A740F3}.CoreCLR_Debug|Windows.Deploy.0 = CoreCLR_Debug|Any CPU
		{65979474-0507-4B4C-90B0-DEAE60A740F3}.CoreCLR_Release|Any CPU.ActiveCfg = CoreCLR_Release|Any CPU
		{65979474-0507-4B4C-90B0-DEAE60A740F3}.CoreCLR_Release|Any CPU.Build.0 = CoreCLR_Release|Any CPU
		{65979474-0507-4B4C-90B0-DEAE60A740F3}.CoreCLR_Release|Any CPU.Deploy.0 = CoreCLR_Release|Any CPU
		{65979474-0507-4B4C-90B0-DEAE60A740F3}.CoreCLR_Release|Mixed Platforms.ActiveCfg = CoreCLR_Release|Any CPU
		{65979474-0507-4B4C-90B0-DEAE60A740F3}.CoreCLR_Release|Mixed Platforms.Build.0 = CoreCLR_Release|Any CPU
		{65979474-0507-4B4C-90B0-DEAE60A740F3}.CoreCLR_Release|Mixed Platforms.Deploy.0 = CoreCLR_Release|Any CPU
		{65979474-0507-4B4C-90B0-DEAE60A740F3}.CoreCLR_Release|Windows.ActiveCfg = CoreCLR_Release|Any CPU
		{65979474-0507-4B4C-90B0-DEAE60A740F3}.CoreCLR_Release|Windows.Build.0 = CoreCLR_Release|Any CPU
		{65979474-0507-4B4C-90B0-DEAE60A740F3}.CoreCLR_Release|Windows.Deploy.0 = CoreCLR_Release|Any CPU
		{65979474-0507-4B4C-90B0-DEAE60A740F3}.Debug|Any CPU.ActiveCfg = Debug|Any CPU
		{65979474-0507-4B4C-90B0-DEAE60A740F3}.Debug|Any CPU.Build.0 = Debug|Any CPU
		{65979474-0507-4B4C-90B0-DEAE60A740F3}.Debug|Any CPU.Deploy.0 = Debug|Any CPU
		{65979474-0507-4B4C-90B0-DEAE60A740F3}.Debug|Mixed Platforms.ActiveCfg = Debug|Any CPU
		{65979474-0507-4B4C-90B0-DEAE60A740F3}.Debug|Mixed Platforms.Build.0 = Debug|Any CPU
		{65979474-0507-4B4C-90B0-DEAE60A740F3}.Debug|Mixed Platforms.Deploy.0 = Debug|Any CPU
		{65979474-0507-4B4C-90B0-DEAE60A740F3}.Debug|Windows.ActiveCfg = Debug|Any CPU
		{65979474-0507-4B4C-90B0-DEAE60A740F3}.Debug|Windows.Build.0 = Debug|Any CPU
		{65979474-0507-4B4C-90B0-DEAE60A740F3}.Debug|Windows.Deploy.0 = Debug|Any CPU
		{65979474-0507-4B4C-90B0-DEAE60A740F3}.Release|Any CPU.ActiveCfg = Release|Any CPU
		{65979474-0507-4B4C-90B0-DEAE60A740F3}.Release|Any CPU.Build.0 = Release|Any CPU
		{65979474-0507-4B4C-90B0-DEAE60A740F3}.Release|Any CPU.Deploy.0 = Release|Any CPU
		{65979474-0507-4B4C-90B0-DEAE60A740F3}.Release|Mixed Platforms.ActiveCfg = Release|Any CPU
		{65979474-0507-4B4C-90B0-DEAE60A740F3}.Release|Mixed Platforms.Build.0 = Release|Any CPU
		{65979474-0507-4B4C-90B0-DEAE60A740F3}.Release|Mixed Platforms.Deploy.0 = Release|Any CPU
		{65979474-0507-4B4C-90B0-DEAE60A740F3}.Release|Windows.ActiveCfg = Release|Any CPU
		{65979474-0507-4B4C-90B0-DEAE60A740F3}.Release|Windows.Build.0 = Release|Any CPU
		{65979474-0507-4B4C-90B0-DEAE60A740F3}.Release|Windows.Deploy.0 = Release|Any CPU
		{65979474-0507-4B4C-90B0-DEAE60A740F3}.Testing|Any CPU.ActiveCfg = Testing|Any CPU
		{65979474-0507-4B4C-90B0-DEAE60A740F3}.Testing|Any CPU.Build.0 = Testing|Any CPU
		{65979474-0507-4B4C-90B0-DEAE60A740F3}.Testing|Any CPU.Deploy.0 = Testing|Any CPU
		{65979474-0507-4B4C-90B0-DEAE60A740F3}.Testing|Mixed Platforms.ActiveCfg = Testing|Any CPU
		{65979474-0507-4B4C-90B0-DEAE60A740F3}.Testing|Mixed Platforms.Build.0 = Testing|Any CPU
		{65979474-0507-4B4C-90B0-DEAE60A740F3}.Testing|Mixed Platforms.Deploy.0 = Testing|Any CPU
		{65979474-0507-4B4C-90B0-DEAE60A740F3}.Testing|Windows.ActiveCfg = Testing|Any CPU
		{65979474-0507-4B4C-90B0-DEAE60A740F3}.Testing|Windows.Build.0 = Testing|Any CPU
		{65979474-0507-4B4C-90B0-DEAE60A740F3}.Testing|Windows.Deploy.0 = Testing|Any CPU
		{6BDAB04C-B032-48AD-A587-7A7F4C0971F8}.AppStore|Any CPU.ActiveCfg = AppStore|Any CPU
		{6BDAB04C-B032-48AD-A587-7A7F4C0971F8}.AppStore|Any CPU.Build.0 = AppStore|Any CPU
		{6BDAB04C-B032-48AD-A587-7A7F4C0971F8}.AppStore|Mixed Platforms.ActiveCfg = AppStore|Any CPU
		{6BDAB04C-B032-48AD-A587-7A7F4C0971F8}.AppStore|Mixed Platforms.Build.0 = AppStore|Any CPU
		{6BDAB04C-B032-48AD-A587-7A7F4C0971F8}.AppStore|Windows.ActiveCfg = AppStore|Any CPU
		{6BDAB04C-B032-48AD-A587-7A7F4C0971F8}.AppStore|Windows.Build.0 = AppStore|Any CPU
		{6BDAB04C-B032-48AD-A587-7A7F4C0971F8}.CoreCLR_Debug|Any CPU.ActiveCfg = CoreCLR_Debug|Any CPU
		{6BDAB04C-B032-48AD-A587-7A7F4C0971F8}.CoreCLR_Debug|Any CPU.Build.0 = CoreCLR_Debug|Any CPU
		{6BDAB04C-B032-48AD-A587-7A7F4C0971F8}.CoreCLR_Debug|Mixed Platforms.ActiveCfg = CoreCLR_Debug|Any CPU
		{6BDAB04C-B032-48AD-A587-7A7F4C0971F8}.CoreCLR_Debug|Mixed Platforms.Build.0 = CoreCLR_Debug|Any CPU
		{6BDAB04C-B032-48AD-A587-7A7F4C0971F8}.CoreCLR_Debug|Windows.ActiveCfg = CoreCLR_Debug|Any CPU
		{6BDAB04C-B032-48AD-A587-7A7F4C0971F8}.CoreCLR_Debug|Windows.Build.0 = CoreCLR_Debug|Any CPU
		{6BDAB04C-B032-48AD-A587-7A7F4C0971F8}.CoreCLR_Release|Any CPU.ActiveCfg = CoreCLR_Release|Any CPU
		{6BDAB04C-B032-48AD-A587-7A7F4C0971F8}.CoreCLR_Release|Any CPU.Build.0 = CoreCLR_Release|Any CPU
		{6BDAB04C-B032-48AD-A587-7A7F4C0971F8}.CoreCLR_Release|Mixed Platforms.ActiveCfg = CoreCLR_Release|Any CPU
		{6BDAB04C-B032-48AD-A587-7A7F4C0971F8}.CoreCLR_Release|Mixed Platforms.Build.0 = CoreCLR_Release|Any CPU
		{6BDAB04C-B032-48AD-A587-7A7F4C0971F8}.CoreCLR_Release|Windows.ActiveCfg = CoreCLR_Release|Any CPU
		{6BDAB04C-B032-48AD-A587-7A7F4C0971F8}.CoreCLR_Release|Windows.Build.0 = CoreCLR_Release|Any CPU
		{6BDAB04C-B032-48AD-A587-7A7F4C0971F8}.Debug|Any CPU.ActiveCfg = Debug|Any CPU
		{6BDAB04C-B032-48AD-A587-7A7F4C0971F8}.Debug|Any CPU.Build.0 = Debug|Any CPU
		{6BDAB04C-B032-48AD-A587-7A7F4C0971F8}.Debug|Mixed Platforms.ActiveCfg = Debug|Any CPU
		{6BDAB04C-B032-48AD-A587-7A7F4C0971F8}.Debug|Mixed Platforms.Build.0 = Debug|Any CPU
		{6BDAB04C-B032-48AD-A587-7A7F4C0971F8}.Debug|Windows.ActiveCfg = Debug|Any CPU
		{6BDAB04C-B032-48AD-A587-7A7F4C0971F8}.Debug|Windows.Build.0 = Debug|Any CPU
		{6BDAB04C-B032-48AD-A587-7A7F4C0971F8}.Release|Any CPU.ActiveCfg = Release|Any CPU
		{6BDAB04C-B032-48AD-A587-7A7F4C0971F8}.Release|Any CPU.Build.0 = Release|Any CPU
		{6BDAB04C-B032-48AD-A587-7A7F4C0971F8}.Release|Mixed Platforms.ActiveCfg = Release|Any CPU
		{6BDAB04C-B032-48AD-A587-7A7F4C0971F8}.Release|Mixed Platforms.Build.0 = Release|Any CPU
		{6BDAB04C-B032-48AD-A587-7A7F4C0971F8}.Release|Windows.ActiveCfg = Release|Any CPU
		{6BDAB04C-B032-48AD-A587-7A7F4C0971F8}.Release|Windows.Build.0 = Release|Any CPU
		{6BDAB04C-B032-48AD-A587-7A7F4C0971F8}.Testing|Any CPU.ActiveCfg = Testing|Any CPU
		{6BDAB04C-B032-48AD-A587-7A7F4C0971F8}.Testing|Any CPU.Build.0 = Testing|Any CPU
		{6BDAB04C-B032-48AD-A587-7A7F4C0971F8}.Testing|Mixed Platforms.ActiveCfg = Testing|Any CPU
		{6BDAB04C-B032-48AD-A587-7A7F4C0971F8}.Testing|Mixed Platforms.Build.0 = Testing|Any CPU
		{6BDAB04C-B032-48AD-A587-7A7F4C0971F8}.Testing|Windows.ActiveCfg = Testing|Any CPU
		{6BDAB04C-B032-48AD-A587-7A7F4C0971F8}.Testing|Windows.Build.0 = Testing|Any CPU
		{3B701DCA-3DC3-475A-9E80-3DCDF1375DED}.AppStore|Any CPU.ActiveCfg = AppStore|Any CPU
		{3B701DCA-3DC3-475A-9E80-3DCDF1375DED}.AppStore|Any CPU.Build.0 = AppStore|Any CPU
		{3B701DCA-3DC3-475A-9E80-3DCDF1375DED}.AppStore|Mixed Platforms.ActiveCfg = AppStore|Any CPU
		{3B701DCA-3DC3-475A-9E80-3DCDF1375DED}.AppStore|Mixed Platforms.Build.0 = AppStore|Any CPU
		{3B701DCA-3DC3-475A-9E80-3DCDF1375DED}.AppStore|Windows.ActiveCfg = AppStore|Any CPU
		{3B701DCA-3DC3-475A-9E80-3DCDF1375DED}.AppStore|Windows.Build.0 = AppStore|Any CPU
		{3B701DCA-3DC3-475A-9E80-3DCDF1375DED}.CoreCLR_Debug|Any CPU.ActiveCfg = CoreCLR_Debug|Any CPU
		{3B701DCA-3DC3-475A-9E80-3DCDF1375DED}.CoreCLR_Debug|Any CPU.Build.0 = CoreCLR_Debug|Any CPU
		{3B701DCA-3DC3-475A-9E80-3DCDF1375DED}.CoreCLR_Debug|Mixed Platforms.ActiveCfg = CoreCLR_Debug|Any CPU
		{3B701DCA-3DC3-475A-9E80-3DCDF1375DED}.CoreCLR_Debug|Mixed Platforms.Build.0 = CoreCLR_Debug|Any CPU
		{3B701DCA-3DC3-475A-9E80-3DCDF1375DED}.CoreCLR_Debug|Windows.ActiveCfg = CoreCLR_Debug|Any CPU
		{3B701DCA-3DC3-475A-9E80-3DCDF1375DED}.CoreCLR_Debug|Windows.Build.0 = CoreCLR_Debug|Any CPU
		{3B701DCA-3DC3-475A-9E80-3DCDF1375DED}.CoreCLR_Release|Any CPU.ActiveCfg = CoreCLR_Release|Any CPU
		{3B701DCA-3DC3-475A-9E80-3DCDF1375DED}.CoreCLR_Release|Any CPU.Build.0 = CoreCLR_Release|Any CPU
		{3B701DCA-3DC3-475A-9E80-3DCDF1375DED}.CoreCLR_Release|Mixed Platforms.ActiveCfg = CoreCLR_Release|Any CPU
		{3B701DCA-3DC3-475A-9E80-3DCDF1375DED}.CoreCLR_Release|Mixed Platforms.Build.0 = CoreCLR_Release|Any CPU
		{3B701DCA-3DC3-475A-9E80-3DCDF1375DED}.CoreCLR_Release|Windows.ActiveCfg = CoreCLR_Release|Any CPU
		{3B701DCA-3DC3-475A-9E80-3DCDF1375DED}.CoreCLR_Release|Windows.Build.0 = CoreCLR_Release|Any CPU
		{3B701DCA-3DC3-475A-9E80-3DCDF1375DED}.Debug|Any CPU.ActiveCfg = Debug|Any CPU
		{3B701DCA-3DC3-475A-9E80-3DCDF1375DED}.Debug|Any CPU.Build.0 = Debug|Any CPU
		{3B701DCA-3DC3-475A-9E80-3DCDF1375DED}.Debug|Mixed Platforms.ActiveCfg = Debug|Any CPU
		{3B701DCA-3DC3-475A-9E80-3DCDF1375DED}.Debug|Mixed Platforms.Build.0 = Debug|Any CPU
		{3B701DCA-3DC3-475A-9E80-3DCDF1375DED}.Debug|Windows.ActiveCfg = Debug|Any CPU
		{3B701DCA-3DC3-475A-9E80-3DCDF1375DED}.Debug|Windows.Build.0 = Debug|Any CPU
		{3B701DCA-3DC3-475A-9E80-3DCDF1375DED}.Release|Any CPU.ActiveCfg = Release|Any CPU
		{3B701DCA-3DC3-475A-9E80-3DCDF1375DED}.Release|Any CPU.Build.0 = Release|Any CPU
		{3B701DCA-3DC3-475A-9E80-3DCDF1375DED}.Release|Mixed Platforms.ActiveCfg = Release|Any CPU
		{3B701DCA-3DC3-475A-9E80-3DCDF1375DED}.Release|Mixed Platforms.Build.0 = Release|Any CPU
		{3B701DCA-3DC3-475A-9E80-3DCDF1375DED}.Release|Windows.ActiveCfg = Release|Any CPU
		{3B701DCA-3DC3-475A-9E80-3DCDF1375DED}.Release|Windows.Build.0 = Release|Any CPU
		{3B701DCA-3DC3-475A-9E80-3DCDF1375DED}.Testing|Any CPU.ActiveCfg = Testing|Any CPU
		{3B701DCA-3DC3-475A-9E80-3DCDF1375DED}.Testing|Any CPU.Build.0 = Testing|Any CPU
		{3B701DCA-3DC3-475A-9E80-3DCDF1375DED}.Testing|Mixed Platforms.ActiveCfg = Testing|Any CPU
		{3B701DCA-3DC3-475A-9E80-3DCDF1375DED}.Testing|Mixed Platforms.Build.0 = Testing|Any CPU
		{3B701DCA-3DC3-475A-9E80-3DCDF1375DED}.Testing|Windows.ActiveCfg = Testing|Any CPU
		{3B701DCA-3DC3-475A-9E80-3DCDF1375DED}.Testing|Windows.Build.0 = Testing|Any CPU
	EndGlobalSection
	GlobalSection(SolutionProperties) = preSolution
		HideSolutionNode = FALSE
	EndGlobalSection
	GlobalSection(NestedProjects) = preSolution
		{65979474-0507-4B4C-90B0-DEAE60A740F3} = {9410B557-86A7-4603-89EE-9EA0FD6EA9F9}
		{6BDAB04C-B032-48AD-A587-7A7F4C0971F8} = {9410B557-86A7-4603-89EE-9EA0FD6EA9F9}
		{3B701DCA-3DC3-475A-9E80-3DCDF1375DED} = {9410B557-86A7-4603-89EE-9EA0FD6EA9F9}
	EndGlobalSection
	GlobalSection(ExtensibilityGlobals) = postSolution
		SolutionGuid = {A2B5C675-12C7-487D-B79E-A2482087DE28}
	EndGlobalSection
EndGlobal
